
Microsoft Visual Studio Solution File, Format Version 12.00
# Visual Studio Version 17
VisualStudioVersion = 17.5.33530.505
MinimumVisualStudioVersion = 10.0.40219.1
Project("{FAE04EC0-301F-11D3-BF4B-00C04F79EFBC}") = "lab05.Android", "lab05\lab05.Android\lab05.Android.csproj", "{7C6BF815-2E2F-4FF8-A52A-68A2EE5F4B6D}"
EndProject
Project("{FAE04EC0-301F-11D3-BF4B-00C04F79EFBC}") = "lab05.iOS", "lab05\lab05.iOS\lab05.iOS.csproj", "{BCC1C4F6-5D9A-4448-8BED-3BF25187D3AE}"
EndProject
Project("{FAE04EC0-301F-11D3-BF4B-00C04F79EFBC}") = "lab05", "lab05\lab05\lab05.csproj", "{12E1542C-D461-448D-9207-A22AAB6C5520}"
EndProject
Global
	GlobalSection(SolutionConfigurationPlatforms) = preSolution
		Debug|Any CPU = Debug|Any CPU
		Debug|iPhone = Debug|iPhone
		Debug|iPhoneSimulator = Debug|iPhoneSimulator
		Release|Any CPU = Release|Any CPU
		Release|iPhone = Release|iPhone
		Release|iPhoneSimulator = Release|iPhoneSimulator
	EndGlobalSection
	GlobalSection(ProjectConfigurationPlatforms) = postSolution
		{7C6BF815-2E2F-4FF8-A52A-68A2EE5F4B6D}.Debug|Any CPU.ActiveCfg = Debug|Any CPU
		{7C6BF815-2E2F-4FF8-A52A-68A2EE5F4B6D}.Debug|Any CPU.Build.0 = Debug|Any CPU
		{7C6BF815-2E2F-4FF8-A52A-68A2EE5F4B6D}.Debug|Any CPU.Deploy.0 = Debug|Any CPU
		{7C6BF815-2E2F-4FF8-A52A-68A2EE5F4B6D}.Debug|iPhone.ActiveCfg = Debug|Any CPU
		{7C6BF815-2E2F-4FF8-A52A-68A2EE5F4B6D}.Debug|iPhone.Build.0 = Debug|Any CPU
		{7C6BF815-2E2F-4FF8-A52A-68A2EE5F4B6D}.Debug|iPhone.Deploy.0 = Debug|Any CPU
		{7C6BF815-2E2F-4FF8-A52A-68A2EE5F4B6D}.Debug|iPhoneSimulator.ActiveCfg = Debug|Any CPU
		{7C6BF815-2E2F-4FF8-A52A-68A2EE5F4B6D}.Debug|iPhoneSimulator.Build.0 = Debug|Any CPU
		{7C6BF815-2E2F-4FF8-A52A-68A2EE5F4B6D}.Debug|iPhoneSimulator.Deploy.0 = Debug|Any CPU
		{7C6BF815-2E2F-4FF8-A52A-68A2EE5F4B6D}.Release|Any CPU.ActiveCfg = Release|Any CPU
		{7C6BF815-2E2F-4FF8-A52A-68A2EE5F4B6D}.Release|Any CPU.Build.0 = Release|Any CPU
		{7C6BF815-2E2F-4FF8-A52A-68A2EE5F4B6D}.Release|Any CPU.Deploy.0 = Release|Any CPU
		{7C6BF815-2E2F-4FF8-A52A-68A2EE5F4B6D}.Release|iPhone.ActiveCfg = Release|Any CPU
		{7C6BF815-2E2F-4FF8-A52A-68A2EE5F4B6D}.Release|iPhone.Build.0 = Release|Any CPU
		{7C6BF815-2E2F-4FF8-A52A-68A2EE5F4B6D}.Release|iPhone.Deploy.0 = Release|Any CPU
		{7C6BF815-2E2F-4FF8-A52A-68A2EE5F4B6D}.Release|iPhoneSimulator.ActiveCfg = Release|Any CPU
		{7C6BF815-2E2F-4FF8-A52A-68A2EE5F4B6D}.Release|iPhoneSimulator.Build.0 = Release|Any CPU
		{7C6BF815-2E2F-4FF8-A52A-68A2EE5F4B6D}.Release|iPhoneSimulator.Deploy.0 = Release|Any CPU
		{BCC1C4F6-5D9A-4448-8BED-3BF25187D3AE}.Debug|Any CPU.ActiveCfg = Debug|iPhone
		{BCC1C4F6-5D9A-4448-8BED-3BF25187D3AE}.Debug|Any CPU.Build.0 = Debug|iPhone
		{BCC1C4F6-5D9A-4448-8BED-3BF25187D3AE}.Debug|Any CPU.Deploy.0 = Debug|iPhone
		{BCC1C4F6-5D9A-4448-8BED-3BF25187D3AE}.Debug|iPhone.ActiveCfg = Debug|iPhone
		{BCC1C4F6-5D9A-4448-8BED-3BF25187D3AE}.Debug|iPhone.Build.0 = Debug|iPhone
		{BCC1C4F6-5D9A-4448-8BED-3BF25187D3AE}.Debug|iPhone.Deploy.0 = Debug|iPhone
		{BCC1C4F6-5D9A-4448-8BED-3BF25187D3AE}.Debug|iPhoneSimulator.ActiveCfg = Debug|iPhoneSimulator
		{BCC1C4F6-5D9A-4448-8BED-3BF25187D3AE}.Debug|iPhoneSimulator.Build.0 = Debug|iPhoneSimulator
		{BCC1C4F6-5D9A-4448-8BED-3BF25187D3AE}.Debug|iPhoneSimulator.Deploy.0 = Debug|iPhoneSimulator
		{BCC1C4F6-5D9A-4448-8BED-3BF25187D3AE}.Release|Any CPU.ActiveCfg = Release|iPhoneSimulator
		{BCC1C4F6-5D9A-4448-8BED-3BF25187D3AE}.Release|Any CPU.Build.0 = Release|iPhoneSimulator
		{BCC1C4F6-5D9A-4448-8BED-3BF25187D3AE}.Release|Any CPU.Deploy.0 = Release|iPhoneSimulator
		{BCC1C4F6-5D9A-4448-8BED-3BF25187D3AE}.Release|iPhone.ActiveCfg = Release|iPhone
		{BCC1C4F6-5D9A-4448-8BED-3BF25187D3AE}.Release|iPhone.Build.0 = Release|iPhone
		{BCC1C4F6-5D9A-4448-8BED-3BF25187D3AE}.Release|iPhone.Deploy.0 = Release|iPhone
		{BCC1C4F6-5D9A-4448-8BED-3BF25187D3AE}.Release|iPhoneSimulator.ActiveCfg = Release|iPhoneSimulator
		{BCC1C4F6-5D9A-4448-8BED-3BF25187D3AE}.Release|iPhoneSimulator.Build.0 = Release|iPhoneSimulator
		{BCC1C4F6-5D9A-4448-8BED-3BF25187D3AE}.Release|iPhoneSimulator.Deploy.0 = Release|iPhoneSimulator
		{12E1542C-D461-448D-9207-A22AAB6C5520}.Debug|Any CPU.ActiveCfg = Debug|Any CPU
		{12E1542C-D461-448D-9207-A22AAB6C5520}.Debug|Any CPU.Build.0 = Debug|Any CPU
		{12E1542C-D461-448D-9207-A22AAB6C5520}.Debug|Any CPU.Deploy.0 = Debug|Any CPU
		{12E1542C-D461-448D-9207-A22AAB6C5520}.Debug|iPhone.ActiveCfg = Debug|Any CPU
		{12E1542C-D461-448D-9207-A22AAB6C5520}.Debug|iPhone.Build.0 = Debug|Any CPU
		{12E1542C-D461-448D-9207-A22AAB6C5520}.Debug|iPhone.Deploy.0 = Debug|Any CPU
		{12E1542C-D461-448D-9207-A22AAB6C5520}.Debug|iPhoneSimulator.ActiveCfg = Debug|Any CPU
		{12E1542C-D461-448D-9207-A22AAB6C5520}.Debug|iPhoneSimulator.Build.0 = Debug|Any CPU
		{12E1542C-D461-448D-9207-A22AAB6C5520}.Debug|iPhoneSimulator.Deploy.0 = Debug|Any CPU
		{12E1542C-D461-448D-9207-A22AAB6C5520}.Release|Any CPU.ActiveCfg = Release|Any CPU
		{12E1542C-D461-448D-9207-A22AAB6C5520}.Release|Any CPU.Build.0 = Release|Any CPU
		{12E1542C-D461-448D-9207-A22AAB6C5520}.Release|Any CPU.Deploy.0 = Release|Any CPU
		{12E1542C-D461-448D-9207-A22AAB6C5520}.Release|iPhone.ActiveCfg = Release|Any CPU
		{12E1542C-D461-448D-9207-A22AAB6C5520}.Release|iPhone.Build.0 = Release|Any CPU
		{12E1542C-D461-448D-9207-A22AAB6C5520}.Release|iPhone.Deploy.0 = Release|Any CPU
		{12E1542C-D461-448D-9207-A22AAB6C5520}.Release|iPhoneSimulator.ActiveCfg = Release|Any CPU
		{12E1542C-D461-448D-9207-A22AAB6C5520}.Release|iPhoneSimulator.Build.0 = Release|Any CPU
		{12E1542C-D461-448D-9207-A22AAB6C5520}.Release|iPhoneSimulator.Deploy.0 = Release|Any CPU
	EndGlobalSection
	GlobalSection(SolutionProperties) = preSolution
		HideSolutionNode = FALSE
	EndGlobalSection
	GlobalSection(ExtensibilityGlobals) = postSolution
		SolutionGuid = {0BA4BD44-D6A6-4279-9013-C00BC9A7769F}
	EndGlobalSection
EndGlobal
